
Microsoft Visual Studio Solution File, Format Version 12.00
# Visual Studio Version 16
VisualStudioVersion = 16.0.29411.108
MinimumVisualStudioVersion = 10.0.40219.1
Project("{FAE04EC0-301F-11D3-BF4B-00C04F79EFBC}") = "MicrosoftGraph.Planner.Console", "MicrosoftGraph.Planner.Console\MicrosoftGraph.Planner.Console.csproj", "{01CE7BE8-BBE9-4EA5-9333-D0A56B39DE5E}"
EndProject
Global
	GlobalSection(SolutionConfigurationPlatforms) = preSolution
		Debug|Any CPU = Debug|Any CPU
		Release|Any CPU = Release|Any CPU
	EndGlobalSection
	GlobalSection(ProjectConfigurationPlatforms) = postSolution
		{01CE7BE8-BBE9-4EA5-9333-D0A56B39DE5E}.Debug|Any CPU.ActiveCfg = Debug|Any CPU
		{01CE7BE8-BBE9-4EA5-9333-D0A56B39DE5E}.Debug|Any CPU.Build.0 = Debug|Any CPU
		{01CE7BE8-BBE9-4EA5-9333-D0A56B39DE5E}.Release|Any CPU.ActiveCfg = Release|Any CPU
		{01CE7BE8-BBE9-4EA5-9333-D0A56B39DE5E}.Release|Any CPU.Build.0 = Release|Any CPU
	EndGlobalSection
	GlobalSection(SolutionProperties) = preSolution
		HideSolutionNode = FALSE
	EndGlobalSection
	GlobalSection(ExtensibilityGlobals) = postSolution
		SolutionGuid = {DB090C45-DC3E-49F5-8DE7-5B47114B0DA7}
	EndGlobalSection
EndGlobal
